<?xml version="1.0" encoding="UTF-8" standalone="yes" ?>
<CodeBlocks_project_file>
	<FileVersion major="1" minor="6" />
	<Project>
		<Option title="simple_test" />
		<Option pch_mode="2" />
		<Option compiler="gcc" />
		<Build>
			<Target title="Debug Win">
				<Option output="bin/Debug/simple_test" prefix_auto="1" extension_auto="1" />
				<Option object_output="obj/Debug/" />
				<Option type="1" />
				<Option compiler="gcc" />
				<Compiler>
					<Add option="-fPIC" />
					<Add option="-g" />
					<Add option="-finput-charset=iso-8859-1 -pthread" />
				</Compiler>
				<Linker>
					<Add library="curl-4" />
				</Linker>
			</Target>
			<Target title="Release Win">
				<Option output="bin/Release/simple_test" prefix_auto="1" extension_auto="1" />
				<Option object_output="obj/Release/" />
				<Option type="1" />
				<Option compiler="gcc" />
				<Compiler>
					<Add option="-O2" />
				</Compiler>
				<Linker>
					<Add option="-s" />
					<Add library="curl-4" />
				</Linker>
			</Target>
			<Target title="Debug Linux">
				<Option output="bin/Debug/simple_test" prefix_auto="1" extension_auto="1" />
				<Option object_output="obj/Debug/" />
				<Option type="1" />
				<Option compiler="gcc" />
				<Compiler>
					<Add option="-fPIC" />
					<Add option="-g" />
					<Add option="-finput-charset=iso-8859-1 -pthread" />
				</Compiler>
				<Linker>
					<Add library="curl" />
				</Linker>
			</Target>
			<Target title="Release Linux">
				<Option output="bin/Release/simple_test" prefix_auto="1" extension_auto="1" />
				<Option object_output="obj/Release/" />
				<Option type="1" />
				<Option compiler="gcc" />
				<Compiler>
					<Add option="-O2" />
				</Compiler>
				<Linker>
					<Add option="-s" />
					<Add library="curl" />
				</Linker>
			</Target>
		</Build>
		<Compiler>
			<Add option="-Wall" />
			<Add option="-std=c++0x" />
			<Add option="-fPIC" />
			<Add option="-fexceptions" />
			<Add directory="../../include" />
			<Add directory="../../cJSON/include" />
		</Compiler>
		<Linker>
			<Add library="pthread" />
		</Linker>
		<Unit filename="../../cJSON/src/cJSON.c">
			<Option compilerVar="CC" />
		</Unit>
		<Unit filename="../../cJSON/src/cJSON_Utils.c">
			<Option compilerVar="CC" />
		</Unit>
		<Unit filename="../../include/NotifyObj.h" />
		<Unit filename="../../include/cJSON.h" />
		<Unit filename="../../include/cJSON_Utils.h" />
		<Unit filename="../../include/tsCURLM.h" />
		<Unit filename="../../include/tsInteger.h" />
		<Unit filename="../../include/tsObject.h" />
		<Unit filename="../../include/tsSeq.h" />
		<Unit filename="../../include/tsStringList.h" />
		<Unit filename="../../include/wcCURLClient.h" />
		<Unit filename="../../include/wcCallbacks.h" />
		<Unit filename="../../include/wcCommonCallbacks.h" />
		<Unit filename="../../include/wcConstsTypes.h" />
		<Unit filename="../../include/wcDefines.h" />
		<Unit filename="../../include/wcHTTP2AsyncBackground.h" />
		<Unit filename="../../include/wcHTTP2BackgroundTask.h" />
		<Unit filename="../../include/wcHTTP2SettingsIntf.h" />
		<Unit filename="../../include/wcJSON.h" />
		<Unit filename="../../include/wcJSONUtils.h" />
		<Unit filename="../../include/wcMemoryStream.h" />
		<Unit filename="../../include/wcStreaming.h" />
		<Unit filename="../../include/wcThread.h" />
		<Unit filename="../../src/NotifyObj.cpp" />
		<Unit filename="../../src/tsCURLM.cpp" />
		<Unit filename="../../src/tsInteger.cpp" />
		<Unit filename="../../src/tsObject.cpp" />
		<Unit filename="../../src/tsSeq.cpp" />
		<Unit filename="../../src/tsStringList.cpp" />
		<Unit filename="../../src/wcCURLClient.cpp" />
		<Unit filename="../../src/wcCallbacks.cpp" />
		<Unit filename="../../src/wcConsts.cpp" />
		<Unit filename="../../src/wcHTTP2AsyncBackground.cpp" />
		<Unit filename="../../src/wcHTTP2BackgroundTask.cpp" />
		<Unit filename="../../src/wcHTTP2SettingsIntf.cpp" />
		<Unit filename="../../src/wcJSON.cpp" />
		<Unit filename="../../src/wcMemoryStream.cpp" />
		<Unit filename="../../src/wcStreaming.cpp" />
		<Unit filename="../../src/wcThread.cpp" />
		<Unit filename="../../src/wcUtils.cpp" />
		<Unit filename="../commline_tools.h" />
		<Unit filename="main.cpp" />
		<Extensions>
			<code_completion />
			<envvars />
			<debugger />
		</Extensions>
	</Project>
</CodeBlocks_project_file>
