<?xml version="1.0" encoding="UTF-8" standalone="yes" ?>
<CodeBlocks_project_file>
	<FileVersion major="1" minor="6" />
	<Project>
		<Option title="multithread_test" />
		<Option pch_mode="2" />
		<Option compiler="gcc" />
		<Build>
			<Target title="Debug">
				<Option output="bin/Debug/multithread_test" prefix_auto="1" extension_auto="1" />
				<Option object_output="obj/Debug/" />
				<Option type="1" />
				<Option compiler="gcc" />
				<Option parameters="-u https://localhost:6580 -n user -x 111 -k" />
				<Compiler>
					<Add option="-g" />
				</Compiler>
				<Linker>
					<Add directory="../../bin/Debug" />
				</Linker>
			</Target>
			<Target title="Release">
				<Option output="bin/Release/multithread_test" prefix_auto="1" extension_auto="1" />
				<Option object_output="obj/Release/" />
				<Option type="1" />
				<Option compiler="gcc" />
				<Compiler>
					<Add option="-O2" />
				</Compiler>
				<Linker>
					<Add option="-s" />
					<Add directory="../../bin/Release" />
				</Linker>
			</Target>
		</Build>
		<Compiler>
			<Add option="-Wall" />
			<Add option="-std=c11" />
			<Add option="-fPIC" />
			<Add option="-fexceptions" />
			<Add option="-pthread" />
			<Add directory="../../" />
			<Add directory="../../include" />
			<Add directory="../../cJSON/include" />
		</Compiler>
		<Linker>
			<Add library="wcwebcamclient" />
			<Add library="ncurses" />
			<Add library="pthread" />
		</Linker>
		<Unit filename="../../cJSON/include/cJSON.h" />
		<Unit filename="../../cJSON/src/cJSON.c">
			<Option compilerVar="CC" />
		</Unit>
		<Unit filename="../../include/wcJSON.h" />
		<Unit filename="../../include/wcThread.h" />
		<Unit filename="../../wcwebcamclient.h" />
		<Unit filename="../commline_tools.h" />
		<Unit filename="main.cpp" />
		<Extensions>
			<DoxyBlocks>
				<comment_style block="3" line="0" />
				<doxyfile_project />
				<doxyfile_build />
				<doxyfile_warnings />
				<doxyfile_output autogen_def="1" />
				<doxyfile_dot />
				<general />
			</DoxyBlocks>
			<code_completion />
			<envvars />
			<debugger />
		</Extensions>
	</Project>
</CodeBlocks_project_file>
